
Microsoft Visual Studio Solution File, Format Version 12.00
# Visual Studio Version 17
VisualStudioVersion = 17.4.33213.308
MinimumVisualStudioVersion = 10.0.40219.1
Project("{2150E333-8FDC-42A3-9474-1A3956D46DE8}") = "src", "src", "{521D6AE5-7395-46A6-A5CC-7505619D2D33}"
EndProject
Project("{2150E333-8FDC-42A3-9474-1A3956D46DE8}") = "tests", "tests", "{409BCB14-452F-47B6-ACEE-85D8DB4F5B82}"
EndProject
Project("{2150E333-8FDC-42A3-9474-1A3956D46DE8}") = "app", "app", "{D0A85B8C-8C40-4701-8A69-121CE9E35E29}"
EndProject
Project("{2150E333-8FDC-42A3-9474-1A3956D46DE8}") = "core", "core", "{C36C2288-9635-4B2D-8620-81005E3902A8}"
EndProject
Project("{2150E333-8FDC-42A3-9474-1A3956D46DE8}") = "infra", "infra", "{C2BAA57A-CCD3-4E44-92EC-03223F0A9998}"
EndProject
Project("{FAE04EC0-301F-11D3-BF4B-00C04F79EFBC}") = "CNN.App.API", "CNN.App.API\CNN.App.API.csproj", "{BA1ED761-B0F1-450B-8EA6-E137A4E910A6}"
EndProject
Project("{FAE04EC0-301F-11D3-BF4B-00C04F79EFBC}") = "CNN.Core.Business", "CNN.Core.Business\CNN.Core.Business.csproj", "{607CA3A7-D563-4F6C-BE11-954096406721}"
EndProject
Project("{FAE04EC0-301F-11D3-BF4B-00C04F79EFBC}") = "CNN.Core.Domain", "CNN.Core.Domain\CNN.Core.Domain.csproj", "{E88242D2-D47D-4C23-A784-57C431D9DA70}"
EndProject
Project("{FAE04EC0-301F-11D3-BF4B-00C04F79EFBC}") = "CNN.Infra.Data", "CNN.Infra.Data\CNN.Infra.Data.csproj", "{4ADA8E4D-9076-4E2F-ADAA-A9278DBA03AF}"
EndProject
Global
	GlobalSection(SolutionConfigurationPlatforms) = preSolution
		Debug|Any CPU = Debug|Any CPU
		Release|Any CPU = Release|Any CPU
	EndGlobalSection
	GlobalSection(ProjectConfigurationPlatforms) = postSolution
		{BA1ED761-B0F1-450B-8EA6-E137A4E910A6}.Debug|Any CPU.ActiveCfg = Debug|Any CPU
		{BA1ED761-B0F1-450B-8EA6-E137A4E910A6}.Debug|Any CPU.Build.0 = Debug|Any CPU
		{BA1ED761-B0F1-450B-8EA6-E137A4E910A6}.Release|Any CPU.ActiveCfg = Release|Any CPU
		{BA1ED761-B0F1-450B-8EA6-E137A4E910A6}.Release|Any CPU.Build.0 = Release|Any CPU
		{607CA3A7-D563-4F6C-BE11-954096406721}.Debug|Any CPU.ActiveCfg = Debug|Any CPU
		{607CA3A7-D563-4F6C-BE11-954096406721}.Debug|Any CPU.Build.0 = Debug|Any CPU
		{607CA3A7-D563-4F6C-BE11-954096406721}.Release|Any CPU.ActiveCfg = Release|Any CPU
		{607CA3A7-D563-4F6C-BE11-954096406721}.Release|Any CPU.Build.0 = Release|Any CPU
		{E88242D2-D47D-4C23-A784-57C431D9DA70}.Debug|Any CPU.ActiveCfg = Debug|Any CPU
		{E88242D2-D47D-4C23-A784-57C431D9DA70}.Debug|Any CPU.Build.0 = Debug|Any CPU
		{E88242D2-D47D-4C23-A784-57C431D9DA70}.Release|Any CPU.ActiveCfg = Release|Any CPU
		{E88242D2-D47D-4C23-A784-57C431D9DA70}.Release|Any CPU.Build.0 = Release|Any CPU
		{4ADA8E4D-9076-4E2F-ADAA-A9278DBA03AF}.Debug|Any CPU.ActiveCfg = Debug|Any CPU
		{4ADA8E4D-9076-4E2F-ADAA-A9278DBA03AF}.Debug|Any CPU.Build.0 = Debug|Any CPU
		{4ADA8E4D-9076-4E2F-ADAA-A9278DBA03AF}.Release|Any CPU.ActiveCfg = Release|Any CPU
		{4ADA8E4D-9076-4E2F-ADAA-A9278DBA03AF}.Release|Any CPU.Build.0 = Release|Any CPU
	EndGlobalSection
	GlobalSection(SolutionProperties) = preSolution
		HideSolutionNode = FALSE
	EndGlobalSection
	GlobalSection(NestedProjects) = preSolution
		{D0A85B8C-8C40-4701-8A69-121CE9E35E29} = {521D6AE5-7395-46A6-A5CC-7505619D2D33}
		{C36C2288-9635-4B2D-8620-81005E3902A8} = {521D6AE5-7395-46A6-A5CC-7505619D2D33}
		{C2BAA57A-CCD3-4E44-92EC-03223F0A9998} = {521D6AE5-7395-46A6-A5CC-7505619D2D33}
		{BA1ED761-B0F1-450B-8EA6-E137A4E910A6} = {D0A85B8C-8C40-4701-8A69-121CE9E35E29}
		{607CA3A7-D563-4F6C-BE11-954096406721} = {C36C2288-9635-4B2D-8620-81005E3902A8}
		{E88242D2-D47D-4C23-A784-57C431D9DA70} = {C36C2288-9635-4B2D-8620-81005E3902A8}
		{4ADA8E4D-9076-4E2F-ADAA-A9278DBA03AF} = {C2BAA57A-CCD3-4E44-92EC-03223F0A9998}
	EndGlobalSection
	GlobalSection(ExtensibilityGlobals) = postSolution
		SolutionGuid = {66948FE2-5E4C-402B-A5E8-7043253F0944}
	EndGlobalSection
EndGlobal
